
Microsoft Visual Studio Solution File, Format Version 12.00
# Visual Studio 14
VisualStudioVersion = 14.0.23107.0
MinimumVisualStudioVersion = 10.0.40219.1
Project("{FAE04EC0-301F-11D3-BF4B-00C04F79EFBC}") = "MvcStore.Domain", "MvcStore.Domain\MvcStore.Domain.csproj", "{5D1914C5-2352-4D1E-8759-D3ECD26BBA4A}"
EndProject
Project("{FAE04EC0-301F-11D3-BF4B-00C04F79EFBC}") = "MvcStore.WebUI", "MvcStore.WebUI\MvcStore.WebUI.csproj", "{CF22F8C1-ACE6-4EC0-9E97-26A6439D04CD}"
EndProject
Project("{FAE04EC0-301F-11D3-BF4B-00C04F79EFBC}") = "MvcStore.UnitTests", "MvcStore.UnitTests\MvcStore.UnitTests.csproj", "{284A1B29-D457-4FD3-8683-28B6C1523868}"
EndProject
Global
	GlobalSection(SolutionConfigurationPlatforms) = preSolution
		Debug|Any CPU = Debug|Any CPU
		Release|Any CPU = Release|Any CPU
	EndGlobalSection
	GlobalSection(ProjectConfigurationPlatforms) = postSolution
		{5D1914C5-2352-4D1E-8759-D3ECD26BBA4A}.Debug|Any CPU.ActiveCfg = Debug|Any CPU
		{5D1914C5-2352-4D1E-8759-D3ECD26BBA4A}.Debug|Any CPU.Build.0 = Debug|Any CPU
		{5D1914C5-2352-4D1E-8759-D3ECD26BBA4A}.Release|Any CPU.ActiveCfg = Release|Any CPU
		{5D1914C5-2352-4D1E-8759-D3ECD26BBA4A}.Release|Any CPU.Build.0 = Release|Any CPU
		{CF22F8C1-ACE6-4EC0-9E97-26A6439D04CD}.Debug|Any CPU.ActiveCfg = Debug|Any CPU
		{CF22F8C1-ACE6-4EC0-9E97-26A6439D04CD}.Debug|Any CPU.Build.0 = Debug|Any CPU
		{CF22F8C1-ACE6-4EC0-9E97-26A6439D04CD}.Release|Any CPU.ActiveCfg = Release|Any CPU
		{CF22F8C1-ACE6-4EC0-9E97-26A6439D04CD}.Release|Any CPU.Build.0 = Release|Any CPU
		{284A1B29-D457-4FD3-8683-28B6C1523868}.Debug|Any CPU.ActiveCfg = Debug|Any CPU
		{284A1B29-D457-4FD3-8683-28B6C1523868}.Debug|Any CPU.Build.0 = Debug|Any CPU
		{284A1B29-D457-4FD3-8683-28B6C1523868}.Release|Any CPU.ActiveCfg = Release|Any CPU
		{284A1B29-D457-4FD3-8683-28B6C1523868}.Release|Any CPU.Build.0 = Release|Any CPU
	EndGlobalSection
	GlobalSection(SolutionProperties) = preSolution
		HideSolutionNode = FALSE
	EndGlobalSection
EndGlobal
